
Microsoft Visual Studio Solution File, Format Version 12.00
# Visual Studio 15
VisualStudioVersion = 15.0.28307.136
MinimumVisualStudioVersion = 10.0.40219.1
Project("{FAE04EC0-301F-11D3-BF4B-00C04F79EFBC}") = "ConsoleApp1", "ConsoleApp1\ConsoleApp1.csproj", "{D7E6047E-6532-4F56-92CB-73E32B259423}"
EndProject
Project("{FAE04EC0-301F-11D3-BF4B-00C04F79EFBC}") = "UnitTestProject1", "UnitTestProject1\UnitTestProject1.csproj", "{20C36DE3-7C5C-41E6-B3E5-A45C4AC8D7AB}"
EndProject
Global
	GlobalSection(SolutionConfigurationPlatforms) = preSolution
		Debug|Any CPU = Debug|Any CPU
		Release|Any CPU = Release|Any CPU
	EndGlobalSection
	GlobalSection(ProjectConfigurationPlatforms) = postSolution
		{D7E6047E-6532-4F56-92CB-73E32B259423}.Debug|Any CPU.ActiveCfg = Debug|Any CPU
		{D7E6047E-6532-4F56-92CB-73E32B259423}.Debug|Any CPU.Build.0 = Debug|Any CPU
		{D7E6047E-6532-4F56-92CB-73E32B259423}.Release|Any CPU.ActiveCfg = Release|Any CPU
		{D7E6047E-6532-4F56-92CB-73E32B259423}.Release|Any CPU.Build.0 = Release|Any CPU
		{20C36DE3-7C5C-41E6-B3E5-A45C4AC8D7AB}.Debug|Any CPU.ActiveCfg = Debug|Any CPU
		{20C36DE3-7C5C-41E6-B3E5-A45C4AC8D7AB}.Debug|Any CPU.Build.0 = Debug|Any CPU
		{20C36DE3-7C5C-41E6-B3E5-A45C4AC8D7AB}.Release|Any CPU.ActiveCfg = Release|Any CPU
		{20C36DE3-7C5C-41E6-B3E5-A45C4AC8D7AB}.Release|Any CPU.Build.0 = Release|Any CPU
	EndGlobalSection
	GlobalSection(SolutionProperties) = preSolution
		HideSolutionNode = FALSE
	EndGlobalSection
	GlobalSection(ExtensibilityGlobals) = postSolution
		SolutionGuid = {58416D66-D21B-4D8C-BC14-F72C62A4C377}
	EndGlobalSection
EndGlobal
